
Microsoft Visual Studio Solution File, Format Version 12.00
# Visual Studio Version 17
VisualStudioVersion = 17.5.002.0
MinimumVisualStudioVersion = 10.0.40219.1
Project("{9A19103F-16F7-4668-BE54-9A1E7A4F7556}") = "practica13-RaquelMejia", "practica13-RaquelMejia.csproj", "{7F295137-78BD-4BA1-AA7A-26DBDF09ACFC}"
EndProject
Global
	GlobalSection(SolutionConfigurationPlatforms) = preSolution
		Debug|Any CPU = Debug|Any CPU
		Release|Any CPU = Release|Any CPU
	EndGlobalSection
	GlobalSection(ProjectConfigurationPlatforms) = postSolution
		{7F295137-78BD-4BA1-AA7A-26DBDF09ACFC}.Debug|Any CPU.ActiveCfg = Debug|Any CPU
		{7F295137-78BD-4BA1-AA7A-26DBDF09ACFC}.Debug|Any CPU.Build.0 = Debug|Any CPU
		{7F295137-78BD-4BA1-AA7A-26DBDF09ACFC}.Release|Any CPU.ActiveCfg = Release|Any CPU
		{7F295137-78BD-4BA1-AA7A-26DBDF09ACFC}.Release|Any CPU.Build.0 = Release|Any CPU
	EndGlobalSection
	GlobalSection(SolutionProperties) = preSolution
		HideSolutionNode = FALSE
	EndGlobalSection
	GlobalSection(ExtensibilityGlobals) = postSolution
		SolutionGuid = {3AB6C40B-25F4-4CE3-A597-7BF418C7A847}
	EndGlobalSection
EndGlobal
